
Microsoft Visual Studio Solution File, Format Version 12.00
# Visual Studio 14
VisualStudioVersion = 14.0.24720.0
MinimumVisualStudioVersion = 10.0.40219.1
Project("{FAE04EC0-301F-11D3-BF4B-00C04F79EFBC}") = "01-TimerExample", "01-TimerExample\01-TimerExample.csproj", "{7BF3519F-C769-4BD0-A0BE-245A22226B97}"
EndProject
Project("{FAE04EC0-301F-11D3-BF4B-00C04F79EFBC}") = "02-TimerExample", "02-TimerExample\02-TimerExample.csproj", "{AAC2D4D1-5E73-42AB-BB13-FBBFA838D87A}"
EndProject
Project("{FAE04EC0-301F-11D3-BF4B-00C04F79EFBC}") = "03-ThreadSuspendResume", "03-ThreadSuspendResume\03-ThreadSuspendResume.csproj", "{B81E7A8B-C012-450B-873C-F6594BCB5861}"
EndProject
Project("{FAE04EC0-301F-11D3-BF4B-00C04F79EFBC}") = "04-Singleton", "Singleton\04-Singleton.csproj", "{232D1C10-5CC0-4E52-9A06-8636B353F122}"
EndProject
Project("{FAE04EC0-301F-11D3-BF4B-00C04F79EFBC}") = "05-LockThread", "LockThread\05-LockThread.csproj", "{F4A8D994-C5F1-4E03-AE5D-43BC2E200D92}"
EndProject
Project("{FAE04EC0-301F-11D3-BF4B-00C04F79EFBC}") = "ConsoleApplication1", "ConsoleApplication1\ConsoleApplication1.csproj", "{387EF32B-F6AE-48D6-80F5-106537B16ABE}"
EndProject
Project("{FAE04EC0-301F-11D3-BF4B-00C04F79EFBC}") = "06- WF_Private24", "06- WF_Private24\06- WF_Private24.csproj", "{14004B21-1C24-4D69-BC3D-FAD7AA7E2D27}"
EndProject
Global
	GlobalSection(SolutionConfigurationPlatforms) = preSolution
		Debug|Any CPU = Debug|Any CPU
		Release|Any CPU = Release|Any CPU
	EndGlobalSection
	GlobalSection(ProjectConfigurationPlatforms) = postSolution
		{7BF3519F-C769-4BD0-A0BE-245A22226B97}.Debug|Any CPU.ActiveCfg = Debug|Any CPU
		{7BF3519F-C769-4BD0-A0BE-245A22226B97}.Debug|Any CPU.Build.0 = Debug|Any CPU
		{7BF3519F-C769-4BD0-A0BE-245A22226B97}.Release|Any CPU.ActiveCfg = Release|Any CPU
		{7BF3519F-C769-4BD0-A0BE-245A22226B97}.Release|Any CPU.Build.0 = Release|Any CPU
		{AAC2D4D1-5E73-42AB-BB13-FBBFA838D87A}.Debug|Any CPU.ActiveCfg = Debug|Any CPU
		{AAC2D4D1-5E73-42AB-BB13-FBBFA838D87A}.Debug|Any CPU.Build.0 = Debug|Any CPU
		{AAC2D4D1-5E73-42AB-BB13-FBBFA838D87A}.Release|Any CPU.ActiveCfg = Release|Any CPU
		{AAC2D4D1-5E73-42AB-BB13-FBBFA838D87A}.Release|Any CPU.Build.0 = Release|Any CPU
		{B81E7A8B-C012-450B-873C-F6594BCB5861}.Debug|Any CPU.ActiveCfg = Debug|Any CPU
		{B81E7A8B-C012-450B-873C-F6594BCB5861}.Debug|Any CPU.Build.0 = Debug|Any CPU
		{B81E7A8B-C012-450B-873C-F6594BCB5861}.Release|Any CPU.ActiveCfg = Release|Any CPU
		{B81E7A8B-C012-450B-873C-F6594BCB5861}.Release|Any CPU.Build.0 = Release|Any CPU
		{232D1C10-5CC0-4E52-9A06-8636B353F122}.Debug|Any CPU.ActiveCfg = Debug|Any CPU
		{232D1C10-5CC0-4E52-9A06-8636B353F122}.Debug|Any CPU.Build.0 = Debug|Any CPU
		{232D1C10-5CC0-4E52-9A06-8636B353F122}.Release|Any CPU.ActiveCfg = Release|Any CPU
		{232D1C10-5CC0-4E52-9A06-8636B353F122}.Release|Any CPU.Build.0 = Release|Any CPU
		{F4A8D994-C5F1-4E03-AE5D-43BC2E200D92}.Debug|Any CPU.ActiveCfg = Debug|Any CPU
		{F4A8D994-C5F1-4E03-AE5D-43BC2E200D92}.Debug|Any CPU.Build.0 = Debug|Any CPU
		{F4A8D994-C5F1-4E03-AE5D-43BC2E200D92}.Release|Any CPU.ActiveCfg = Release|Any CPU
		{F4A8D994-C5F1-4E03-AE5D-43BC2E200D92}.Release|Any CPU.Build.0 = Release|Any CPU
		{387EF32B-F6AE-48D6-80F5-106537B16ABE}.Debug|Any CPU.ActiveCfg = Debug|Any CPU
		{387EF32B-F6AE-48D6-80F5-106537B16ABE}.Debug|Any CPU.Build.0 = Debug|Any CPU
		{387EF32B-F6AE-48D6-80F5-106537B16ABE}.Release|Any CPU.ActiveCfg = Release|Any CPU
		{387EF32B-F6AE-48D6-80F5-106537B16ABE}.Release|Any CPU.Build.0 = Release|Any CPU
		{14004B21-1C24-4D69-BC3D-FAD7AA7E2D27}.Debug|Any CPU.ActiveCfg = Debug|Any CPU
		{14004B21-1C24-4D69-BC3D-FAD7AA7E2D27}.Debug|Any CPU.Build.0 = Debug|Any CPU
		{14004B21-1C24-4D69-BC3D-FAD7AA7E2D27}.Release|Any CPU.ActiveCfg = Release|Any CPU
		{14004B21-1C24-4D69-BC3D-FAD7AA7E2D27}.Release|Any CPU.Build.0 = Release|Any CPU
	EndGlobalSection
	GlobalSection(SolutionProperties) = preSolution
		HideSolutionNode = FALSE
	EndGlobalSection
EndGlobal
